
Microsoft Visual Studio Solution File, Format Version 12.00
# Visual Studio Version 17
VisualStudioVersion = 17.0.32002.185
MinimumVisualStudioVersion = 10.0.40219.1
Project("{FAE04EC0-301F-11D3-BF4B-00C04F79EFBC}") = "PFlight", "PFlight.csproj", "{0BDBD1E7-2B4E-4196-A3D8-17CEA9D29F1A}"
EndProject
Global
	GlobalSection(SolutionConfigurationPlatforms) = preSolution
		Debug|Any CPU = Debug|Any CPU
		Release|Any CPU = Release|Any CPU
	EndGlobalSection
	GlobalSection(ProjectConfigurationPlatforms) = postSolution
		{0BDBD1E7-2B4E-4196-A3D8-17CEA9D29F1A}.Debug|Any CPU.ActiveCfg = Debug|Any CPU
		{0BDBD1E7-2B4E-4196-A3D8-17CEA9D29F1A}.Debug|Any CPU.Build.0 = Debug|Any CPU
		{0BDBD1E7-2B4E-4196-A3D8-17CEA9D29F1A}.Release|Any CPU.ActiveCfg = Release|Any CPU
		{0BDBD1E7-2B4E-4196-A3D8-17CEA9D29F1A}.Release|Any CPU.Build.0 = Release|Any CPU
	EndGlobalSection
	GlobalSection(SolutionProperties) = preSolution
		HideSolutionNode = FALSE
	EndGlobalSection
	GlobalSection(ExtensibilityGlobals) = postSolution
		SolutionGuid = {9A7DA1F6-57F7-4E3D-98BD-356B9D9CCFC5}
	EndGlobalSection
EndGlobal
