
Microsoft Visual Studio Solution File, Format Version 12.00
# Visual Studio Version 16
VisualStudioVersion = 16.0.30717.126
MinimumVisualStudioVersion = 10.0.40219.1
Project("{FAE04EC0-301F-11D3-BF4B-00C04F79EFBC}") = "PFlight", "PFlight.csproj", "{0BDBD1E7-2B4E-4196-A3D8-17CEA9D29F1A}"
EndProject
Project("{FAE04EC0-301F-11D3-BF4B-00C04F79EFBC}") = "FlightBL", "FlightBL\FlightBL.csproj", "{2B48A5A7-66F8-4EC4-89AB-987690DFF9C0}"
EndProject
Project("{FAE04EC0-301F-11D3-BF4B-00C04F79EFBC}") = "FlightDL", "FlightDL\FlightDL.csproj", "{14FF8822-A77A-4A52-8423-5A6F2F561A2D}"
EndProject
Project("{FAE04EC0-301F-11D3-BF4B-00C04F79EFBC}") = "FlightModel", "FlightModel\FlightModel.csproj", "{6F214D2C-DFCC-4EBD-A69B-3BBF4C6F4950}"
EndProject
Project("{FAE04EC0-301F-11D3-BF4B-00C04F79EFBC}") = "HebDates", "..\HebDates\HebDates.csproj", "{72F3035D-BE24-456E-AE36-62F53D5B553E}"
EndProject
Project("{FAE04EC0-301F-11D3-BF4B-00C04F79EFBC}") = "Weather", "..\Weather\Weather.csproj", "{8A9DE817-4C0D-4C25-82F6-619A7670A651}"
EndProject
Global
	GlobalSection(SolutionConfigurationPlatforms) = preSolution
		Debug|Any CPU = Debug|Any CPU
		Release|Any CPU = Release|Any CPU
	EndGlobalSection
	GlobalSection(ProjectConfigurationPlatforms) = postSolution
		{0BDBD1E7-2B4E-4196-A3D8-17CEA9D29F1A}.Debug|Any CPU.ActiveCfg = Debug|Any CPU
		{0BDBD1E7-2B4E-4196-A3D8-17CEA9D29F1A}.Debug|Any CPU.Build.0 = Debug|Any CPU
		{0BDBD1E7-2B4E-4196-A3D8-17CEA9D29F1A}.Release|Any CPU.ActiveCfg = Release|Any CPU
		{0BDBD1E7-2B4E-4196-A3D8-17CEA9D29F1A}.Release|Any CPU.Build.0 = Release|Any CPU
		{2B48A5A7-66F8-4EC4-89AB-987690DFF9C0}.Debug|Any CPU.ActiveCfg = Debug|Any CPU
		{2B48A5A7-66F8-4EC4-89AB-987690DFF9C0}.Debug|Any CPU.Build.0 = Debug|Any CPU
		{2B48A5A7-66F8-4EC4-89AB-987690DFF9C0}.Release|Any CPU.ActiveCfg = Release|Any CPU
		{2B48A5A7-66F8-4EC4-89AB-987690DFF9C0}.Release|Any CPU.Build.0 = Release|Any CPU
		{14FF8822-A77A-4A52-8423-5A6F2F561A2D}.Debug|Any CPU.ActiveCfg = Debug|Any CPU
		{14FF8822-A77A-4A52-8423-5A6F2F561A2D}.Debug|Any CPU.Build.0 = Debug|Any CPU
		{14FF8822-A77A-4A52-8423-5A6F2F561A2D}.Release|Any CPU.ActiveCfg = Release|Any CPU
		{14FF8822-A77A-4A52-8423-5A6F2F561A2D}.Release|Any CPU.Build.0 = Release|Any CPU
		{6F214D2C-DFCC-4EBD-A69B-3BBF4C6F4950}.Debug|Any CPU.ActiveCfg = Debug|Any CPU
		{6F214D2C-DFCC-4EBD-A69B-3BBF4C6F4950}.Debug|Any CPU.Build.0 = Debug|Any CPU
		{6F214D2C-DFCC-4EBD-A69B-3BBF4C6F4950}.Release|Any CPU.ActiveCfg = Release|Any CPU
		{6F214D2C-DFCC-4EBD-A69B-3BBF4C6F4950}.Release|Any CPU.Build.0 = Release|Any CPU
		{72F3035D-BE24-456E-AE36-62F53D5B553E}.Debug|Any CPU.ActiveCfg = Debug|Any CPU
		{72F3035D-BE24-456E-AE36-62F53D5B553E}.Debug|Any CPU.Build.0 = Debug|Any CPU
		{72F3035D-BE24-456E-AE36-62F53D5B553E}.Release|Any CPU.ActiveCfg = Release|Any CPU
		{72F3035D-BE24-456E-AE36-62F53D5B553E}.Release|Any CPU.Build.0 = Release|Any CPU
		{8A9DE817-4C0D-4C25-82F6-619A7670A651}.Debug|Any CPU.ActiveCfg = Debug|Any CPU
		{8A9DE817-4C0D-4C25-82F6-619A7670A651}.Debug|Any CPU.Build.0 = Debug|Any CPU
		{8A9DE817-4C0D-4C25-82F6-619A7670A651}.Release|Any CPU.ActiveCfg = Release|Any CPU
		{8A9DE817-4C0D-4C25-82F6-619A7670A651}.Release|Any CPU.Build.0 = Release|Any CPU
	EndGlobalSection
	GlobalSection(SolutionProperties) = preSolution
		HideSolutionNode = FALSE
	EndGlobalSection
	GlobalSection(ExtensibilityGlobals) = postSolution
		SolutionGuid = {9A7DA1F6-57F7-4E3D-98BD-356B9D9CCFC5}
	EndGlobalSection
EndGlobal
